
Microsoft Visual Studio Solution File, Format Version 12.00
# Visual Studio Version 17
VisualStudioVersion = 17.1.32210.238
MinimumVisualStudioVersion = 10.0.40219.1
Project("{FAE04EC0-301F-11D3-BF4B-00C04F79EFBC}") = "Assignment2__Satyam", "Assignment2__Satyam\Assignment2__Satyam.csproj", "{5C875F3A-B8C0-4502-B0CE-50BA19944A74}"
EndProject
Project("{FAE04EC0-301F-11D3-BF4B-00C04F79EFBC}") = "TestRectangle", "TestRectangle\TestRectangle.csproj", "{4BEFF240-97F9-4D60-89C7-6C8C8AD8EC29}"
EndProject
Global
	GlobalSection(SolutionConfigurationPlatforms) = preSolution
		Debug|Any CPU = Debug|Any CPU
		Release|Any CPU = Release|Any CPU
	EndGlobalSection
	GlobalSection(ProjectConfigurationPlatforms) = postSolution
		{5C875F3A-B8C0-4502-B0CE-50BA19944A74}.Debug|Any CPU.ActiveCfg = Debug|Any CPU
		{5C875F3A-B8C0-4502-B0CE-50BA19944A74}.Debug|Any CPU.Build.0 = Debug|Any CPU
		{5C875F3A-B8C0-4502-B0CE-50BA19944A74}.Release|Any CPU.ActiveCfg = Release|Any CPU
		{5C875F3A-B8C0-4502-B0CE-50BA19944A74}.Release|Any CPU.Build.0 = Release|Any CPU
		{4BEFF240-97F9-4D60-89C7-6C8C8AD8EC29}.Debug|Any CPU.ActiveCfg = Debug|Any CPU
		{4BEFF240-97F9-4D60-89C7-6C8C8AD8EC29}.Debug|Any CPU.Build.0 = Debug|Any CPU
		{4BEFF240-97F9-4D60-89C7-6C8C8AD8EC29}.Release|Any CPU.ActiveCfg = Release|Any CPU
		{4BEFF240-97F9-4D60-89C7-6C8C8AD8EC29}.Release|Any CPU.Build.0 = Release|Any CPU
	EndGlobalSection
	GlobalSection(SolutionProperties) = preSolution
		HideSolutionNode = FALSE
	EndGlobalSection
	GlobalSection(ExtensibilityGlobals) = postSolution
		SolutionGuid = {01B30D5B-AEBE-415C-BAC4-9E47A46E3403}
	EndGlobalSection
EndGlobal
